
Microsoft Visual Studio Solution File, Format Version 12.00
# Visual Studio 14
VisualStudioVersion = 14.0.25420.1
MinimumVisualStudioVersion = 10.0.40219.1
Project("{FAE04EC0-301F-11D3-BF4B-00C04F79EFBC}") = "Phoneword.Android", "Phoneword\Phoneword.Android\Phoneword.Android.csproj", "{C87F5BF9-FE80-46EB-85F0-2DBB0879603D}"
EndProject
Project("{FAE04EC0-301F-11D3-BF4B-00C04F79EFBC}") = "Phoneword", "Phoneword\Phoneword\Phoneword.csproj", "{D0D02902-153C-4889-A469-3FD080C25B54}"
EndProject
Project("{FAE04EC0-301F-11D3-BF4B-00C04F79EFBC}") = "Phoneword.UWP", "Phoneword\Phoneword.UWP\Phoneword.UWP.csproj", "{11F098EC-6969-47B4-83BD-918C8AD19C6D}"
EndProject
Project("{FAE04EC0-301F-11D3-BF4B-00C04F79EFBC}") = "Phoneword.iOS", "Phoneword\Phoneword.iOS\Phoneword.iOS.csproj", "{D63F0279-9070-4F09-8D27-247F56784805}"
EndProject
Global
	GlobalSection(SolutionConfigurationPlatforms) = preSolution
		Ad-Hoc|Any CPU = Ad-Hoc|Any CPU
		Ad-Hoc|ARM = Ad-Hoc|ARM
		Ad-Hoc|iPhone = Ad-Hoc|iPhone
		Ad-Hoc|iPhoneSimulator = Ad-Hoc|iPhoneSimulator
		Ad-Hoc|x64 = Ad-Hoc|x64
		Ad-Hoc|x86 = Ad-Hoc|x86
		AppStore|Any CPU = AppStore|Any CPU
		AppStore|ARM = AppStore|ARM
		AppStore|iPhone = AppStore|iPhone
		AppStore|iPhoneSimulator = AppStore|iPhoneSimulator
		AppStore|x64 = AppStore|x64
		AppStore|x86 = AppStore|x86
		Debug|Any CPU = Debug|Any CPU
		Debug|ARM = Debug|ARM
		Debug|iPhone = Debug|iPhone
		Debug|iPhoneSimulator = Debug|iPhoneSimulator
		Debug|x64 = Debug|x64
		Debug|x86 = Debug|x86
		Release|Any CPU = Release|Any CPU
		Release|ARM = Release|ARM
		Release|iPhone = Release|iPhone
		Release|iPhoneSimulator = Release|iPhoneSimulator
		Release|x64 = Release|x64
		Release|x86 = Release|x86
	EndGlobalSection
	GlobalSection(ProjectConfigurationPlatforms) = postSolution
		{C87F5BF9-FE80-46EB-85F0-2DBB0879603D}.Ad-Hoc|Any CPU.ActiveCfg = Release|Any CPU
		{C87F5BF9-FE80-46EB-85F0-2DBB0879603D}.Ad-Hoc|Any CPU.Build.0 = Release|Any CPU
		{C87F5BF9-FE80-46EB-85F0-2DBB0879603D}.Ad-Hoc|Any CPU.Deploy.0 = Release|Any CPU
		{C87F5BF9-FE80-46EB-85F0-2DBB0879603D}.Ad-Hoc|ARM.ActiveCfg = Release|Any CPU
		{C87F5BF9-FE80-46EB-85F0-2DBB0879603D}.Ad-Hoc|ARM.Build.0 = Release|Any CPU
		{C87F5BF9-FE80-46EB-85F0-2DBB0879603D}.Ad-Hoc|ARM.Deploy.0 = Release|Any CPU
		{C87F5BF9-FE80-46EB-85F0-2DBB0879603D}.Ad-Hoc|iPhone.ActiveCfg = Release|Any CPU
		{C87F5BF9-FE80-46EB-85F0-2DBB0879603D}.Ad-Hoc|iPhone.Build.0 = Release|Any CPU
		{C87F5BF9-FE80-46EB-85F0-2DBB0879603D}.Ad-Hoc|iPhone.Deploy.0 = Release|Any CPU
		{C87F5BF9-FE80-46EB-85F0-2DBB0879603D}.Ad-Hoc|iPhoneSimulator.ActiveCfg = Release|Any CPU
		{C87F5BF9-FE80-46EB-85F0-2DBB0879603D}.Ad-Hoc|iPhoneSimulator.Build.0 = Release|Any CPU
		{C87F5BF9-FE80-46EB-85F0-2DBB0879603D}.Ad-Hoc|iPhoneSimulator.Deploy.0 = Release|Any CPU
		{C87F5BF9-FE80-46EB-85F0-2DBB0879603D}.Ad-Hoc|x64.ActiveCfg = Release|Any CPU
		{C87F5BF9-FE80-46EB-85F0-2DBB0879603D}.Ad-Hoc|x64.Build.0 = Release|Any CPU
		{C87F5BF9-FE80-46EB-85F0-2DBB0879603D}.Ad-Hoc|x64.Deploy.0 = Release|Any CPU
		{C87F5BF9-FE80-46EB-85F0-2DBB0879603D}.Ad-Hoc|x86.ActiveCfg = Release|Any CPU
		{C87F5BF9-FE80-46EB-85F0-2DBB0879603D}.Ad-Hoc|x86.Build.0 = Release|Any CPU
		{C87F5BF9-FE80-46EB-85F0-2DBB0879603D}.Ad-Hoc|x86.Deploy.0 = Release|Any CPU
		{C87F5BF9-FE80-46EB-85F0-2DBB0879603D}.AppStore|Any CPU.ActiveCfg = Release|Any CPU
		{C87F5BF9-FE80-46EB-85F0-2DBB0879603D}.AppStore|Any CPU.Build.0 = Release|Any CPU
		{C87F5BF9-FE80-46EB-85F0-2DBB0879603D}.AppStore|Any CPU.Deploy.0 = Release|Any CPU
		{C87F5BF9-FE80-46EB-85F0-2DBB0879603D}.AppStore|ARM.ActiveCfg = Release|Any CPU
		{C87F5BF9-FE80-46EB-85F0-2DBB0879603D}.AppStore|ARM.Build.0 = Release|Any CPU
		{C87F5BF9-FE80-46EB-85F0-2DBB0879603D}.AppStore|ARM.Deploy.0 = Release|Any CPU
		{C87F5BF9-FE80-46EB-85F0-2DBB0879603D}.AppStore|iPhone.ActiveCfg = Release|Any CPU
		{C87F5BF9-FE80-46EB-85F0-2DBB0879603D}.AppStore|iPhone.Build.0 = Release|Any CPU
		{C87F5BF9-FE80-46EB-85F0-2DBB0879603D}.AppStore|iPhone.Deploy.0 = Release|Any CPU
		{C87F5BF9-FE80-46EB-85F0-2DBB0879603D}.AppStore|iPhoneSimulator.ActiveCfg = Release|Any CPU
		{C87F5BF9-FE80-46EB-85F0-2DBB0879603D}.AppStore|iPhoneSimulator.Build.0 = Release|Any CPU
		{C87F5BF9-FE80-46EB-85F0-2DBB0879603D}.AppStore|iPhoneSimulator.Deploy.0 = Release|Any CPU
		{C87F5BF9-FE80-46EB-85F0-2DBB0879603D}.AppStore|x64.ActiveCfg = Release|Any CPU
		{C87F5BF9-FE80-46EB-85F0-2DBB0879603D}.AppStore|x64.Build.0 = Release|Any CPU
		{C87F5BF9-FE80-46EB-85F0-2DBB0879603D}.AppStore|x64.Deploy.0 = Release|Any CPU
		{C87F5BF9-FE80-46EB-85F0-2DBB0879603D}.AppStore|x86.ActiveCfg = Release|Any CPU
		{C87F5BF9-FE80-46EB-85F0-2DBB0879603D}.AppStore|x86.Build.0 = Release|Any CPU
		{C87F5BF9-FE80-46EB-85F0-2DBB0879603D}.AppStore|x86.Deploy.0 = Release|Any CPU
		{C87F5BF9-FE80-46EB-85F0-2DBB0879603D}.Debug|Any CPU.ActiveCfg = Debug|Any CPU
		{C87F5BF9-FE80-46EB-85F0-2DBB0879603D}.Debug|Any CPU.Build.0 = Debug|Any CPU
		{C87F5BF9-FE80-46EB-85F0-2DBB0879603D}.Debug|Any CPU.Deploy.0 = Debug|Any CPU
		{C87F5BF9-FE80-46EB-85F0-2DBB0879603D}.Debug|ARM.ActiveCfg = Debug|Any CPU
		{C87F5BF9-FE80-46EB-85F0-2DBB0879603D}.Debug|ARM.Build.0 = Debug|Any CPU
		{C87F5BF9-FE80-46EB-85F0-2DBB0879603D}.Debug|ARM.Deploy.0 = Debug|Any CPU
		{C87F5BF9-FE80-46EB-85F0-2DBB0879603D}.Debug|iPhone.ActiveCfg = Debug|Any CPU
		{C87F5BF9-FE80-46EB-85F0-2DBB0879603D}.Debug|iPhone.Build.0 = Debug|Any CPU
		{C87F5BF9-FE80-46EB-85F0-2DBB0879603D}.Debug|iPhone.Deploy.0 = Debug|Any CPU
		{C87F5BF9-FE80-46EB-85F0-2DBB0879603D}.Debug|iPhoneSimulator.ActiveCfg = Debug|Any CPU
		{C87F5BF9-FE80-46EB-85F0-2DBB0879603D}.Debug|iPhoneSimulator.Build.0 = Debug|Any CPU
		{C87F5BF9-FE80-46EB-85F0-2DBB0879603D}.Debug|iPhoneSimulator.Deploy.0 = Debug|Any CPU
		{C87F5BF9-FE80-46EB-85F0-2DBB0879603D}.Debug|x64.ActiveCfg = Debug|Any CPU
		{C87F5BF9-FE80-46EB-85F0-2DBB0879603D}.Debug|x64.Build.0 = Debug|Any CPU
		{C87F5BF9-FE80-46EB-85F0-2DBB0879603D}.Debug|x64.Deploy.0 = Debug|Any CPU
		{C87F5BF9-FE80-46EB-85F0-2DBB0879603D}.Debug|x86.ActiveCfg = Debug|Any CPU
		{C87F5BF9-FE80-46EB-85F0-2DBB0879603D}.Debug|x86.Build.0 = Debug|Any CPU
		{C87F5BF9-FE80-46EB-85F0-2DBB0879603D}.Debug|x86.Deploy.0 = Debug|Any CPU
		{C87F5BF9-FE80-46EB-85F0-2DBB0879603D}.Release|Any CPU.ActiveCfg = Release|Any CPU
		{C87F5BF9-FE80-46EB-85F0-2DBB0879603D}.Release|Any CPU.Build.0 = Release|Any CPU
		{C87F5BF9-FE80-46EB-85F0-2DBB0879603D}.Release|Any CPU.Deploy.0 = Release|Any CPU
		{C87F5BF9-FE80-46EB-85F0-2DBB0879603D}.Release|ARM.ActiveCfg = Release|Any CPU
		{C87F5BF9-FE80-46EB-85F0-2DBB0879603D}.Release|ARM.Build.0 = Release|Any CPU
		{C87F5BF9-FE80-46EB-85F0-2DBB0879603D}.Release|ARM.Deploy.0 = Release|Any CPU
		{C87F5BF9-FE80-46EB-85F0-2DBB0879603D}.Release|iPhone.ActiveCfg = Release|Any CPU
		{C87F5BF9-FE80-46EB-85F0-2DBB0879603D}.Release|iPhone.Build.0 = Release|Any CPU
		{C87F5BF9-FE80-46EB-85F0-2DBB0879603D}.Release|iPhone.Deploy.0 = Release|Any CPU
		{C87F5BF9-FE80-46EB-85F0-2DBB0879603D}.Release|iPhoneSimulator.ActiveCfg = Release|Any CPU
		{C87F5BF9-FE80-46EB-85F0-2DBB0879603D}.Release|iPhoneSimulator.Build.0 = Release|Any CPU
		{C87F5BF9-FE80-46EB-85F0-2DBB0879603D}.Release|iPhoneSimulator.Deploy.0 = Release|Any CPU
		{C87F5BF9-FE80-46EB-85F0-2DBB0879603D}.Release|x64.ActiveCfg = Release|Any CPU
		{C87F5BF9-FE80-46EB-85F0-2DBB0879603D}.Release|x64.Build.0 = Release|Any CPU
		{C87F5BF9-FE80-46EB-85F0-2DBB0879603D}.Release|x64.Deploy.0 = Release|Any CPU
		{C87F5BF9-FE80-46EB-85F0-2DBB0879603D}.Release|x86.ActiveCfg = Release|Any CPU
		{C87F5BF9-FE80-46EB-85F0-2DBB0879603D}.Release|x86.Build.0 = Release|Any CPU
		{C87F5BF9-FE80-46EB-85F0-2DBB0879603D}.Release|x86.Deploy.0 = Release|Any CPU
		{D0D02902-153C-4889-A469-3FD080C25B54}.Ad-Hoc|Any CPU.ActiveCfg = Release|Any CPU
		{D0D02902-153C-4889-A469-3FD080C25B54}.Ad-Hoc|Any CPU.Build.0 = Release|Any CPU
		{D0D02902-153C-4889-A469-3FD080C25B54}.Ad-Hoc|ARM.ActiveCfg = Release|Any CPU
		{D0D02902-153C-4889-A469-3FD080C25B54}.Ad-Hoc|ARM.Build.0 = Release|Any CPU
		{D0D02902-153C-4889-A469-3FD080C25B54}.Ad-Hoc|iPhone.ActiveCfg = Release|Any CPU
		{D0D02902-153C-4889-A469-3FD080C25B54}.Ad-Hoc|iPhone.Build.0 = Release|Any CPU
		{D0D02902-153C-4889-A469-3FD080C25B54}.Ad-Hoc|iPhoneSimulator.ActiveCfg = Release|Any CPU
		{D0D02902-153C-4889-A469-3FD080C25B54}.Ad-Hoc|iPhoneSimulator.Build.0 = Release|Any CPU
		{D0D02902-153C-4889-A469-3FD080C25B54}.Ad-Hoc|x64.ActiveCfg = Release|Any CPU
		{D0D02902-153C-4889-A469-3FD080C25B54}.Ad-Hoc|x64.Build.0 = Release|Any CPU
		{D0D02902-153C-4889-A469-3FD080C25B54}.Ad-Hoc|x86.ActiveCfg = Release|Any CPU
		{D0D02902-153C-4889-A469-3FD080C25B54}.Ad-Hoc|x86.Build.0 = Release|Any CPU
		{D0D02902-153C-4889-A469-3FD080C25B54}.AppStore|Any CPU.ActiveCfg = Release|Any CPU
		{D0D02902-153C-4889-A469-3FD080C25B54}.AppStore|Any CPU.Build.0 = Release|Any CPU
		{D0D02902-153C-4889-A469-3FD080C25B54}.AppStore|ARM.ActiveCfg = Release|Any CPU
		{D0D02902-153C-4889-A469-3FD080C25B54}.AppStore|ARM.Build.0 = Release|Any CPU
		{D0D02902-153C-4889-A469-3FD080C25B54}.AppStore|iPhone.ActiveCfg = Release|Any CPU
		{D0D02902-153C-4889-A469-3FD080C25B54}.AppStore|iPhone.Build.0 = Release|Any CPU
		{D0D02902-153C-4889-A469-3FD080C25B54}.AppStore|iPhoneSimulator.ActiveCfg = Release|Any CPU
		{D0D02902-153C-4889-A469-3FD080C25B54}.AppStore|iPhoneSimulator.Build.0 = Release|Any CPU
		{D0D02902-153C-4889-A469-3FD080C25B54}.AppStore|x64.ActiveCfg = Release|Any CPU
		{D0D02902-153C-4889-A469-3FD080C25B54}.AppStore|x64.Build.0 = Release|Any CPU
		{D0D02902-153C-4889-A469-3FD080C25B54}.AppStore|x86.ActiveCfg = Release|Any CPU
		{D0D02902-153C-4889-A469-3FD080C25B54}.AppStore|x86.Build.0 = Release|Any CPU
		{D0D02902-153C-4889-A469-3FD080C25B54}.Debug|Any CPU.ActiveCfg = Debug|Any CPU
		{D0D02902-153C-4889-A469-3FD080C25B54}.Debug|Any CPU.Build.0 = Debug|Any CPU
		{D0D02902-153C-4889-A469-3FD080C25B54}.Debug|ARM.ActiveCfg = Debug|Any CPU
		{D0D02902-153C-4889-A469-3FD080C25B54}.Debug|ARM.Build.0 = Debug|Any CPU
		{D0D02902-153C-4889-A469-3FD080C25B54}.Debug|iPhone.ActiveCfg = Debug|Any CPU
		{D0D02902-153C-4889-A469-3FD080C25B54}.Debug|iPhone.Build.0 = Debug|Any CPU
		{D0D02902-153C-4889-A469-3FD080C25B54}.Debug|iPhoneSimulator.ActiveCfg = Debug|Any CPU
		{D0D02902-153C-4889-A469-3FD080C25B54}.Debug|iPhoneSimulator.Build.0 = Debug|Any CPU
		{D0D02902-153C-4889-A469-3FD080C25B54}.Debug|x64.ActiveCfg = Debug|Any CPU
		{D0D02902-153C-4889-A469-3FD080C25B54}.Debug|x64.Build.0 = Debug|Any CPU
		{D0D02902-153C-4889-A469-3FD080C25B54}.Debug|x86.ActiveCfg = Debug|Any CPU
		{D0D02902-153C-4889-A469-3FD080C25B54}.Debug|x86.Build.0 = Debug|Any CPU
		{D0D02902-153C-4889-A469-3FD080C25B54}.Release|Any CPU.ActiveCfg = Release|Any CPU
		{D0D02902-153C-4889-A469-3FD080C25B54}.Release|Any CPU.Build.0 = Release|Any CPU
		{D0D02902-153C-4889-A469-3FD080C25B54}.Release|ARM.ActiveCfg = Release|Any CPU
		{D0D02902-153C-4889-A469-3FD080C25B54}.Release|ARM.Build.0 = Release|Any CPU
		{D0D02902-153C-4889-A469-3FD080C25B54}.Release|iPhone.ActiveCfg = Release|Any CPU
		{D0D02902-153C-4889-A469-3FD080C25B54}.Release|iPhone.Build.0 = Release|Any CPU
		{D0D02902-153C-4889-A469-3FD080C25B54}.Release|iPhoneSimulator.ActiveCfg = Release|Any CPU
		{D0D02902-153C-4889-A469-3FD080C25B54}.Release|iPhoneSimulator.Build.0 = Release|Any CPU
		{D0D02902-153C-4889-A469-3FD080C25B54}.Release|x64.ActiveCfg = Release|Any CPU
		{D0D02902-153C-4889-A469-3FD080C25B54}.Release|x64.Build.0 = Release|Any CPU
		{D0D02902-153C-4889-A469-3FD080C25B54}.Release|x86.ActiveCfg = Release|Any CPU
		{D0D02902-153C-4889-A469-3FD080C25B54}.Release|x86.Build.0 = Release|Any CPU
		{11F098EC-6969-47B4-83BD-918C8AD19C6D}.Ad-Hoc|Any CPU.ActiveCfg = Release|x86
		{11F098EC-6969-47B4-83BD-918C8AD19C6D}.Ad-Hoc|Any CPU.Build.0 = Release|x86
		{11F098EC-6969-47B4-83BD-918C8AD19C6D}.Ad-Hoc|Any CPU.Deploy.0 = Release|x86
		{11F098EC-6969-47B4-83BD-918C8AD19C6D}.Ad-Hoc|ARM.ActiveCfg = Release|ARM
		{11F098EC-6969-47B4-83BD-918C8AD19C6D}.Ad-Hoc|ARM.Build.0 = Release|ARM
		{11F098EC-6969-47B4-83BD-918C8AD19C6D}.Ad-Hoc|ARM.Deploy.0 = Release|ARM
		{11F098EC-6969-47B4-83BD-918C8AD19C6D}.Ad-Hoc|iPhone.ActiveCfg = Release|x86
		{11F098EC-6969-47B4-83BD-918C8AD19C6D}.Ad-Hoc|iPhone.Build.0 = Release|x86
		{11F098EC-6969-47B4-83BD-918C8AD19C6D}.Ad-Hoc|iPhone.Deploy.0 = Release|x86
		{11F098EC-6969-47B4-83BD-918C8AD19C6D}.Ad-Hoc|iPhoneSimulator.ActiveCfg = Release|x86
		{11F098EC-6969-47B4-83BD-918C8AD19C6D}.Ad-Hoc|iPhoneSimulator.Build.0 = Release|x86
		{11F098EC-6969-47B4-83BD-918C8AD19C6D}.Ad-Hoc|iPhoneSimulator.Deploy.0 = Release|x86
		{11F098EC-6969-47B4-83BD-918C8AD19C6D}.Ad-Hoc|x64.ActiveCfg = Release|x64
		{11F098EC-6969-47B4-83BD-918C8AD19C6D}.Ad-Hoc|x64.Build.0 = Release|x64
		{11F098EC-6969-47B4-83BD-918C8AD19C6D}.Ad-Hoc|x64.Deploy.0 = Release|x64
		{11F098EC-6969-47B4-83BD-918C8AD19C6D}.Ad-Hoc|x86.ActiveCfg = Release|x86
		{11F098EC-6969-47B4-83BD-918C8AD19C6D}.Ad-Hoc|x86.Build.0 = Release|x86
		{11F098EC-6969-47B4-83BD-918C8AD19C6D}.Ad-Hoc|x86.Deploy.0 = Release|x86
		{11F098EC-6969-47B4-83BD-918C8AD19C6D}.AppStore|Any CPU.ActiveCfg = Release|x86
		{11F098EC-6969-47B4-83BD-918C8AD19C6D}.AppStore|Any CPU.Build.0 = Release|x86
		{11F098EC-6969-47B4-83BD-918C8AD19C6D}.AppStore|Any CPU.Deploy.0 = Release|x86
		{11F098EC-6969-47B4-83BD-918C8AD19C6D}.AppStore|ARM.ActiveCfg = Release|ARM
		{11F098EC-6969-47B4-83BD-918C8AD19C6D}.AppStore|ARM.Build.0 = Release|ARM
		{11F098EC-6969-47B4-83BD-918C8AD19C6D}.AppStore|ARM.Deploy.0 = Release|ARM
		{11F098EC-6969-47B4-83BD-918C8AD19C6D}.AppStore|iPhone.ActiveCfg = Release|x86
		{11F098EC-6969-47B4-83BD-918C8AD19C6D}.AppStore|iPhone.Build.0 = Release|x86
		{11F098EC-6969-47B4-83BD-918C8AD19C6D}.AppStore|iPhone.Deploy.0 = Release|x86
		{11F098EC-6969-47B4-83BD-918C8AD19C6D}.AppStore|iPhoneSimulator.ActiveCfg = Release|x86
		{11F098EC-6969-47B4-83BD-918C8AD19C6D}.AppStore|iPhoneSimulator.Build.0 = Release|x86
		{11F098EC-6969-47B4-83BD-918C8AD19C6D}.AppStore|iPhoneSimulator.Deploy.0 = Release|x86
		{11F098EC-6969-47B4-83BD-918C8AD19C6D}.AppStore|x64.ActiveCfg = Release|x64
		{11F098EC-6969-47B4-83BD-918C8AD19C6D}.AppStore|x64.Build.0 = Release|x64
		{11F098EC-6969-47B4-83BD-918C8AD19C6D}.AppStore|x64.Deploy.0 = Release|x64
		{11F098EC-6969-47B4-83BD-918C8AD19C6D}.AppStore|x86.ActiveCfg = Release|x86
		{11F098EC-6969-47B4-83BD-918C8AD19C6D}.AppStore|x86.Build.0 = Release|x86
		{11F098EC-6969-47B4-83BD-918C8AD19C6D}.AppStore|x86.Deploy.0 = Release|x86
		{11F098EC-6969-47B4-83BD-918C8AD19C6D}.Debug|Any CPU.ActiveCfg = Debug|x86
		{11F098EC-6969-47B4-83BD-918C8AD19C6D}.Debug|ARM.ActiveCfg = Debug|ARM
		{11F098EC-6969-47B4-83BD-918C8AD19C6D}.Debug|ARM.Build.0 = Debug|ARM
		{11F098EC-6969-47B4-83BD-918C8AD19C6D}.Debug|ARM.Deploy.0 = Debug|ARM
		{11F098EC-6969-47B4-83BD-918C8AD19C6D}.Debug|iPhone.ActiveCfg = Debug|x86
		{11F098EC-6969-47B4-83BD-918C8AD19C6D}.Debug|iPhoneSimulator.ActiveCfg = Debug|x86
		{11F098EC-6969-47B4-83BD-918C8AD19C6D}.Debug|x64.ActiveCfg = Debug|x64
		{11F098EC-6969-47B4-83BD-918C8AD19C6D}.Debug|x64.Build.0 = Debug|x64
		{11F098EC-6969-47B4-83BD-918C8AD19C6D}.Debug|x64.Deploy.0 = Debug|x64
		{11F098EC-6969-47B4-83BD-918C8AD19C6D}.Debug|x86.ActiveCfg = Debug|x86
		{11F098EC-6969-47B4-83BD-918C8AD19C6D}.Debug|x86.Build.0 = Debug|x86
		{11F098EC-6969-47B4-83BD-918C8AD19C6D}.Debug|x86.Deploy.0 = Debug|x86
		{11F098EC-6969-47B4-83BD-918C8AD19C6D}.Release|Any CPU.ActiveCfg = Release|x86
		{11F098EC-6969-47B4-83BD-918C8AD19C6D}.Release|ARM.ActiveCfg = Release|ARM
		{11F098EC-6969-47B4-83BD-918C8AD19C6D}.Release|ARM.Build.0 = Release|ARM
		{11F098EC-6969-47B4-83BD-918C8AD19C6D}.Release|ARM.Deploy.0 = Release|ARM
		{11F098EC-6969-47B4-83BD-918C8AD19C6D}.Release|iPhone.ActiveCfg = Release|x86
		{11F098EC-6969-47B4-83BD-918C8AD19C6D}.Release|iPhoneSimulator.ActiveCfg = Release|x86
		{11F098EC-6969-47B4-83BD-918C8AD19C6D}.Release|x64.ActiveCfg = Release|x64
		{11F098EC-6969-47B4-83BD-918C8AD19C6D}.Release|x64.Build.0 = Release|x64
		{11F098EC-6969-47B4-83BD-918C8AD19C6D}.Release|x64.Deploy.0 = Release|x64
		{11F098EC-6969-47B4-83BD-918C8AD19C6D}.Release|x86.ActiveCfg = Release|x86
		{11F098EC-6969-47B4-83BD-918C8AD19C6D}.Release|x86.Build.0 = Release|x86
		{11F098EC-6969-47B4-83BD-918C8AD19C6D}.Release|x86.Deploy.0 = Release|x86
		{D63F0279-9070-4F09-8D27-247F56784805}.Ad-Hoc|Any CPU.ActiveCfg = Ad-Hoc|iPhoneSimulator
		{D63F0279-9070-4F09-8D27-247F56784805}.Ad-Hoc|ARM.ActiveCfg = Ad-Hoc|iPhone
		{D63F0279-9070-4F09-8D27-247F56784805}.Ad-Hoc|iPhone.ActiveCfg = Ad-Hoc|iPhone
		{D63F0279-9070-4F09-8D27-247F56784805}.Ad-Hoc|iPhone.Build.0 = Ad-Hoc|iPhone
		{D63F0279-9070-4F09-8D27-247F56784805}.Ad-Hoc|iPhoneSimulator.ActiveCfg = Ad-Hoc|iPhoneSimulator
		{D63F0279-9070-4F09-8D27-247F56784805}.Ad-Hoc|iPhoneSimulator.Build.0 = Ad-Hoc|iPhoneSimulator
		{D63F0279-9070-4F09-8D27-247F56784805}.Ad-Hoc|x64.ActiveCfg = Ad-Hoc|iPhone
		{D63F0279-9070-4F09-8D27-247F56784805}.Ad-Hoc|x86.ActiveCfg = Ad-Hoc|iPhone
		{D63F0279-9070-4F09-8D27-247F56784805}.AppStore|Any CPU.ActiveCfg = AppStore|iPhoneSimulator
		{D63F0279-9070-4F09-8D27-247F56784805}.AppStore|ARM.ActiveCfg = AppStore|iPhone
		{D63F0279-9070-4F09-8D27-247F56784805}.AppStore|iPhone.ActiveCfg = AppStore|iPhone
		{D63F0279-9070-4F09-8D27-247F56784805}.AppStore|iPhone.Build.0 = AppStore|iPhone
		{D63F0279-9070-4F09-8D27-247F56784805}.AppStore|iPhoneSimulator.ActiveCfg = AppStore|iPhoneSimulator
		{D63F0279-9070-4F09-8D27-247F56784805}.AppStore|iPhoneSimulator.Build.0 = AppStore|iPhoneSimulator
		{D63F0279-9070-4F09-8D27-247F56784805}.AppStore|x64.ActiveCfg = AppStore|iPhone
		{D63F0279-9070-4F09-8D27-247F56784805}.AppStore|x86.ActiveCfg = AppStore|iPhone
		{D63F0279-9070-4F09-8D27-247F56784805}.Debug|Any CPU.ActiveCfg = Debug|iPhoneSimulator
		{D63F0279-9070-4F09-8D27-247F56784805}.Debug|ARM.ActiveCfg = Debug|iPhone
		{D63F0279-9070-4F09-8D27-247F56784805}.Debug|iPhone.ActiveCfg = Debug|iPhone
		{D63F0279-9070-4F09-8D27-247F56784805}.Debug|iPhone.Build.0 = Debug|iPhone
		{D63F0279-9070-4F09-8D27-247F56784805}.Debug|iPhoneSimulator.ActiveCfg = Debug|iPhoneSimulator
		{D63F0279-9070-4F09-8D27-247F56784805}.Debug|iPhoneSimulator.Build.0 = Debug|iPhoneSimulator
		{D63F0279-9070-4F09-8D27-247F56784805}.Debug|x64.ActiveCfg = Debug|iPhone
		{D63F0279-9070-4F09-8D27-247F56784805}.Debug|x86.ActiveCfg = Debug|iPhone
		{D63F0279-9070-4F09-8D27-247F56784805}.Release|Any CPU.ActiveCfg = Release|iPhoneSimulator
		{D63F0279-9070-4F09-8D27-247F56784805}.Release|ARM.ActiveCfg = Release|iPhone
		{D63F0279-9070-4F09-8D27-247F56784805}.Release|iPhone.ActiveCfg = Release|iPhone
		{D63F0279-9070-4F09-8D27-247F56784805}.Release|iPhone.Build.0 = Release|iPhone
		{D63F0279-9070-4F09-8D27-247F56784805}.Release|iPhoneSimulator.ActiveCfg = Release|iPhoneSimulator
		{D63F0279-9070-4F09-8D27-247F56784805}.Release|iPhoneSimulator.Build.0 = Release|iPhoneSimulator
		{D63F0279-9070-4F09-8D27-247F56784805}.Release|x64.ActiveCfg = Release|iPhone
		{D63F0279-9070-4F09-8D27-247F56784805}.Release|x86.ActiveCfg = Release|iPhone
	EndGlobalSection
	GlobalSection(SolutionProperties) = preSolution
		HideSolutionNode = FALSE
	EndGlobalSection
EndGlobal
